
Microsoft Visual Studio Solution File, Format Version 12.00
# Visual Studio 14
VisualStudioVersion = 14.0.25420.1
MinimumVisualStudioVersion = 10.0.40219.1
Project("{FAE04EC0-301F-11D3-BF4B-00C04F79EFBC}") = "FileExplorer", "FileExplorer\FileExplorer.csproj", "{5FEE3495-753A-4CFD-94BA-7B1EE2AB16A3}"
EndProject
Project("{FAE04EC0-301F-11D3-BF4B-00C04F79EFBC}") = "FileExplorer-CLI", "FileExplorer-CLI\FileExplorer-CLI.csproj", "{71BCC483-8ABC-4BA8-A453-BC8EDC4FF23D}"
EndProject
Global
	GlobalSection(SolutionConfigurationPlatforms) = preSolution
		Debug|Any CPU = Debug|Any CPU
		Release|Any CPU = Release|Any CPU
	EndGlobalSection
	GlobalSection(ProjectConfigurationPlatforms) = postSolution
		{5FEE3495-753A-4CFD-94BA-7B1EE2AB16A3}.Debug|Any CPU.ActiveCfg = Debug|Any CPU
		{5FEE3495-753A-4CFD-94BA-7B1EE2AB16A3}.Debug|Any CPU.Build.0 = Debug|Any CPU
		{5FEE3495-753A-4CFD-94BA-7B1EE2AB16A3}.Release|Any CPU.ActiveCfg = Release|Any CPU
		{5FEE3495-753A-4CFD-94BA-7B1EE2AB16A3}.Release|Any CPU.Build.0 = Release|Any CPU
		{71BCC483-8ABC-4BA8-A453-BC8EDC4FF23D}.Debug|Any CPU.ActiveCfg = Debug|Any CPU
		{71BCC483-8ABC-4BA8-A453-BC8EDC4FF23D}.Debug|Any CPU.Build.0 = Debug|Any CPU
		{71BCC483-8ABC-4BA8-A453-BC8EDC4FF23D}.Release|Any CPU.ActiveCfg = Release|Any CPU
		{71BCC483-8ABC-4BA8-A453-BC8EDC4FF23D}.Release|Any CPU.Build.0 = Release|Any CPU
	EndGlobalSection
	GlobalSection(SolutionProperties) = preSolution
		HideSolutionNode = FALSE
	EndGlobalSection
	GlobalSection(ExtensibilityGlobals) = postSolution
		SolutionGuid = {59C51236-F80A-4347-BEF9-C122CA899704}
	EndGlobalSection
EndGlobal
